
Microsoft Visual Studio Solution File, Format Version 12.00
# Visual Studio Version 16
VisualStudioVersion = 16.0.30406.217
MinimumVisualStudioVersion = 10.0.40219.1
Project("{FAE04EC0-301F-11D3-BF4B-00C04F79EFBC}") = "MinecraftFarm", "MinecraftFarm.csproj", "{2B52FF2B-990C-4B57-801E-194643481496}"
EndProject
Project("{FAE04EC0-301F-11D3-BF4B-00C04F79EFBC}") = "MinecraftFarm.DataAccessLayer", "..\MinecraftFarm.DataAccessLayer\MinecraftFarm.DataAccessLayer.csproj", "{3A84D5FA-4AC2-47E2-8F43-4FF7D2D38BBC}"
EndProject
Project("{FAE04EC0-301F-11D3-BF4B-00C04F79EFBC}") = "MinecraftFarm.BussinessLogicLayer", "..\MinecraftFarm.BussinessLogicLayer\MinecraftFarm.BussinessLogicLayer.csproj", "{19A3999A-5916-492A-823D-529F2F277272}"
EndProject
Global
	GlobalSection(SolutionConfigurationPlatforms) = preSolution
		Debug|Any CPU = Debug|Any CPU
		Release|Any CPU = Release|Any CPU
	EndGlobalSection
	GlobalSection(ProjectConfigurationPlatforms) = postSolution
		{2B52FF2B-990C-4B57-801E-194643481496}.Debug|Any CPU.ActiveCfg = Debug|Any CPU
		{2B52FF2B-990C-4B57-801E-194643481496}.Debug|Any CPU.Build.0 = Debug|Any CPU
		{2B52FF2B-990C-4B57-801E-194643481496}.Release|Any CPU.ActiveCfg = Release|Any CPU
		{2B52FF2B-990C-4B57-801E-194643481496}.Release|Any CPU.Build.0 = Release|Any CPU
		{3A84D5FA-4AC2-47E2-8F43-4FF7D2D38BBC}.Debug|Any CPU.ActiveCfg = Debug|Any CPU
		{3A84D5FA-4AC2-47E2-8F43-4FF7D2D38BBC}.Debug|Any CPU.Build.0 = Debug|Any CPU
		{3A84D5FA-4AC2-47E2-8F43-4FF7D2D38BBC}.Release|Any CPU.ActiveCfg = Release|Any CPU
		{3A84D5FA-4AC2-47E2-8F43-4FF7D2D38BBC}.Release|Any CPU.Build.0 = Release|Any CPU
		{19A3999A-5916-492A-823D-529F2F277272}.Debug|Any CPU.ActiveCfg = Debug|Any CPU
		{19A3999A-5916-492A-823D-529F2F277272}.Debug|Any CPU.Build.0 = Debug|Any CPU
		{19A3999A-5916-492A-823D-529F2F277272}.Release|Any CPU.ActiveCfg = Release|Any CPU
		{19A3999A-5916-492A-823D-529F2F277272}.Release|Any CPU.Build.0 = Release|Any CPU
	EndGlobalSection
	GlobalSection(SolutionProperties) = preSolution
		HideSolutionNode = FALSE
	EndGlobalSection
	GlobalSection(ExtensibilityGlobals) = postSolution
		SolutionGuid = {6245C37F-08F4-4746-9A82-7FCC2BBB4117}
	EndGlobalSection
EndGlobal
